// !$*UTF8*$!
{
	archiveVersion = 1;
	classes = {
	};
	objectVersion = 50;
	objects = {

/* Begin PBXBuildFile section */
		F10D766824F1607400DABD05 /* test.swift in Sources */ = {isa = PBXBuildFile; fileRef = F10D766724F1607400DABD05 /* test.swift */; };
		F1592E2724FAF49700C1706C /* SwiftUIView2.swift in Sources */ = {isa = PBXBuildFile; fileRef = F1592E2624FAF49700C1706C /* SwiftUIView2.swift */; };
		F17400E724F1017100E318E0 /* AppDelegate.swift in Sources */ = {isa = PBXBuildFile; fileRef = F17400E624F1017100E318E0 /* AppDelegate.swift */; };
		F17400E924F1017100E318E0 /* SceneDelegate.swift in Sources */ = {isa = PBXBuildFile; fileRef = F17400E824F1017100E318E0 /* SceneDelegate.swift */; };
		F17400EB24F1017100E318E0 /* ContentView.swift in Sources */ = {isa = PBXBuildFile; fileRef = F17400EA24F1017100E318E0 /* ContentView.swift */; };
		F17400ED24F1017200E318E0 /* Assets.xcassets in Resources */ = {isa = PBXBuildFile; fileRef = F17400EC24F1017200E318E0 /* Assets.xcassets */; };
		F17400F024F1017200E318E0 /* Preview Assets.xcassets in Resources */ = {isa = PBXBuildFile; fileRef = F17400EF24F1017200E318E0 /* Preview Assets.xcassets */; };
		F17400F324F1017200E318E0 /* LaunchScreen.storyboard in Resources */ = {isa = PBXBuildFile; fileRef = F17400F124F1017200E318E0 /* LaunchScreen.storyboard */; };
/* End PBXBuildFile section */

/* Begin PBXFileReference section */
		F10D766724F1607400DABD05 /* test.swift */ = {isa = PBXFileReference; lastKnownFileType = sourcecode.swift; path = test.swift; sourceTree = "<group>"; };
		F1592E2624FAF49700C1706C /* SwiftUIView2.swift */ = {isa = PBXFileReference; lastKnownFileType = sourcecode.swift; path = SwiftUIView2.swift; sourceTree = "<group>"; };
		F17400E324F1017100E318E0 /* dentaku4.app */ = {isa = PBXFileReference; explicitFileType = wrapper.application; includeInIndex = 0; path = dentaku4.app; sourceTree = BUILT_PRODUCTS_DIR; };
		F17400E624F1017100E318E0 /* AppDelegate.swift */ = {isa = PBXFileReference; lastKnownFileType = sourcecode.swift; path = AppDelegate.swift; sourceTree = "<group>"; };
		F17400E824F1017100E318E0 /* SceneDelegate.swift */ = {isa = PBXFileReference; lastKnownFileType = sourcecode.swift; path = SceneDelegate.swift; sourceTree = "<group>"; };
		F17400EA24F1017100E318E0 /* ContentView.swift */ = {isa = PBXFileReference; lastKnownFileType = sourcecode.swift; path = ContentView.swift; sourceTree = "<group>"; };
		F17400EC24F1017200E318E0 /* Assets.xcassets */ = {isa = PBXFileReference; lastKnownFileType = folder.assetcatalog; path = Assets.xcassets; sourceTree = "<group>"; };
		F17400EF24F1017200E318E0 /* Preview Assets.xcassets */ = {isa = PBXFileReference; lastKnownFileType = folder.assetcatalog; path = "Preview Assets.xcassets"; sourceTree = "<group>"; };
		F17400F224F1017200E318E0 /* Base */ = {isa = PBXFileReference; lastKnownFileType = file.storyboard; name = Base; path = Base.lproj/LaunchScreen.storyboard; sourceTree = "<group>"; };
		F17400F424F1017200E318E0 /* Info.plist */ = {isa = PBXFileReference; lastKnownFileType = text.plist.xml; path = Info.plist; sourceTree = "<group>"; };
/* End PBXFileReference section */

/* Begin PBXFrameworksBuildPhase section */
		F17400E024F1017100E318E0 /* Frameworks */ = {
			isa = PBXFrameworksBuildPhase;
			buildActionMask = 2147483647;
			files = (
			);
			runOnlyForDeploymentPostprocessing = 0;
		};
/* End PBXFrameworksBuildPhase section */

/* Begin PBXGroup section */
		F17400DA24F1017100E318E0 = {
			isa = PBXGroup;
			children = (
				F17400E524F1017100E318E0 /* dentaku4 */,
				F17400E424F1017100E318E0 /* Products */,
			);
			sourceTree = "<group>";
		};
		F17400E424F1017100E318E0 /* Products */ = {
			isa = PBXGroup;
			children = (
				F17400E324F1017100E318E0 /* dentaku4.app */,
			);
			name = Products;
			sourceTree = "<group>";
		};
		F17400E524F1017100E318E0 /* dentaku4 */ = {
			isa = PBXGroup;
			children = (
				F17400E624F1017100E318E0 /* AppDelegate.swift */,
				F17400E824F1017100E318E0 /* SceneDelegate.swift */,
				F17400EA24F1017100E318E0 /* ContentView.swift */,
				F1592E2624FAF49700C1706C /* SwiftUIView2.swift */,
				F10D766724F1607400DABD05 /* test.swift */,
				F17400EC24F1017200E318E0 /* Assets.xcassets */,
				F17400F124F1017200E318E0 /* LaunchScreen.storyboard */,
				F17400F424F1017200E318E0 /* Info.plist */,
				F17400EE24F1017200E318E0 /* Preview Content */,
			);
			path = dentaku4;
			sourceTree = "<group>";
		};
		F17400EE24F1017200E318E0 /* Preview Content */ = {
			isa = PBXGroup;
			children = (
				F17400EF24F1017200E318E0 /* Preview Assets.xcassets */,
			);
			path = "Preview Content";
			sourceTree = "<group>";
		};
/* End PBXGroup section */

/* Begin PBXNativeTarget section */
		F17400E224F1017100E318E0 /* dentaku4 */ = {
			isa = PBXNativeTarget;
			buildConfigurationList = F17400F724F1017200E318E0 /* Build configuration list for PBXNativeTarget "dentaku4" */;
			buildPhases = (
				F17400DF24F1017100E318E0 /* Sources */,
				F17400E024F1017100E318E0 /* Frameworks */,
				F17400E124F1017100E318E0 /* Resources */,
			);
			buildRules = (
			);
			dependencies = (
			);
			name = dentaku4;
			productName = dentaku4;
			productReference = F17400E324F1017100E318E0 /* dentaku4.app */;
			productType = "com.apple.product-type.application";
		};
/* End PBXNativeTarget section */

/* Begin PBXProject section */
		F17400DB24F1017100E318E0 /* Project object */ = {
			isa = PBXProject;
			attributes = {
				LastSwiftUpdateCheck = 1160;
				LastUpgradeCheck = 1160;
				ORGANIZATIONNAME = "ちーのん";
				TargetAttributes = {
					F17400E224F1017100E318E0 = {
						CreatedOnToolsVersion = 11.6;
					};
				};
			};
			buildConfigurationList = F17400DE24F1017100E318E0 /* Build configuration list for PBXProject "dentaku4" */;
			compatibilityVersion = "Xcode 9.3";
			developmentRegion = en;
			hasScannedForEncodings = 0;
			knownRegions = (
				en,
				Base,
			);
			mainGroup = F17400DA24F1017100E318E0;
			productRefGroup = F17400E424F1017100E318E0 /* Products */;
			projectDirPath = "";
			projectRoot = "";
			targets = (
				F17400E224F1017100E318E0 /* dentaku4 */,
			);
		};
/* End PBXProject section */

/* Begin PBXResourcesBuildPhase section */
		F17400E124F1017100E318E0 /* Resources */ = {
			isa = PBXResourcesBuildPhase;
			buildActionMask = 2147483647;
			files = (
				F17400F324F1017200E318E0 /* LaunchScreen.storyboard in Resources */,
				F17400F024F1017200E318E0 /* Preview Assets.xcassets in Resources */,
				F17400ED24F1017200E318E0 /* Assets.xcassets in Resources */,
			);
			runOnlyForDeploymentPostprocessing = 0;
		};
/* End PBXResourcesBuildPhase section */

/* Begin PBXSourcesBuildPhase section */
		F17400DF24F1017100E318E0 /* Sources */ = {
			isa = PBXSourcesBuildPhase;
			buildActionMask = 2147483647;
			files = (
				F17400E724F1017100E318E0 /* AppDelegate.swift in Sources */,
				F17400E924F1017100E318E0 /* SceneDelegate.swift in Sources */,
				F1592E2724FAF49700C1706C /* SwiftUIView2.swift in Sources */,
				F10D766824F1607400DABD05 /* test.swift in Sources */,
				F17400EB24F1017100E318E0 /* ContentView.swift in Sources */,
			);
			runOnlyForDeploymentPostprocessing = 0;
		};
/* End PBXSourcesBuildPhase section */

/* Begin PBXVariantGroup section */
		F17400F124F1017200E318E0 /* LaunchScreen.storyboard */ = {
			isa = PBXVariantGroup;
			children = (
				F17400F224F1017200E318E0 /* Base */,
			);
			name = LaunchScreen.storyboard;
			sourceTree = "<group>";
		};
/* End PBXVariantGroup section */

/* Begin XCBuildConfiguration section */
		F17400F524F1017200E318E0 /* Debug */ = {
			isa = XCBuildConfiguration;
			buildSettings = {
				ALWAYS_SEARCH_USER_PATHS = NO;
				CLANG_ANALYZER_NONNULL = YES;
				CLANG_ANALYZER_NUMBER_OBJECT_CONVERSION = YES_AGGRESSIVE;
				CLANG_CXX_LANGUAGE_STANDARD = "gnu++14";
				CLANG_CXX_LIBRARY = "libc++";
				CLANG_ENABLE_MODULES = YES;
				CLANG_ENABLE_OBJC_ARC = YES;
				CLANG_ENABLE_OBJC_WEAK = YES;
				CLANG_WARN_BLOCK_CAPTURE_AUTORELEASING = YES;
				CLANG_WARN_BOOL_CONVERSION = YES;
				CLANG_WARN_COMMA = YES;
				CLANG_WARN_CONSTANT_CONVERSION = YES;
				CLANG_WARN_DEPRECATED_OBJC_IMPLEMENTATIONS = YES;
				CLANG_WARN_DIRECT_OBJC_ISA_USAGE = YES_ERROR;
				CLANG_WARN_DOCUMENTATION_COMMENTS = YES;
				CLANG_WARN_EMPTY_BODY = YES;
				CLANG_WARN_ENUM_CONVERSION = YES;
				CLANG_WARN_INFINITE_RECURSION = YES;
				CLANG_WARN_INT_CONVERSION = YES;
				CLANG_WARN_NON_LITERAL_NULL_CONVERSION = YES;
				CLANG_WARN_OBJC_IMPLICIT_RETAIN_SELF = YES;
				CLANG_WARN_OBJC_LITERAL_CONVERSION = YES;
				CLANG_WARN_OBJC_ROOT_CLASS = YES_ERROR;
				CLANG_WARN_RANGE_LOOP_ANALYSIS = YES;
				CLANG_WARN_STRICT_PROTOTYPES = YES;
				CLANG_WARN_SUSPICIOUS_MOVE = YES;
				CLANG_WARN_UNGUARDED_AVAILABILITY = YES_AGGRESSIVE;
				CLANG_WARN_UNREACHABLE_CODE = YES;
				CLANG_WARN__DUPLICATE_METHOD_MATCH = YES;
				COPY_PHASE_STRIP = NO;
				DEBUG_INFORMATION_FORMAT = dwarf;
				ENABLE_STRICT_OBJC_MSGSEND = YES;
				ENABLE_TESTABILITY = YES;
				GCC_C_LANGUAGE_STANDARD = gnu11;
				GCC_DYNAMIC_NO_PIC = NO;
				GCC_NO_COMMON_BLOCKS = YES;
				GCC_OPTIMIZATION_LEVEL = 0;
				GCC_PREPROCESSOR_DEFINITIONS = (
					"DEBUG=1",
					"$(inherited)",
				);
				GCC_WARN_64_TO_32_BIT_CONVERSION = YES;
				GCC_WARN_ABOUT_RETURN_TYPE = YES_ERROR;
				GCC_WARN_UNDECLARED_SELECTOR = YES;
				GCC_WARN_UNINITIALIZED_AUTOS = YES_AGGRESSIVE;
				GCC_WARN_UNUSED_FUNCTION = YES;
				GCC_WARN_UNUSED_VARIABLE = YES;
				IPHONEOS_DEPLOYMENT_TARGET = 13.6;
				MTL_ENABLE_DEBUG_INFO = INCLUDE_SOURCE;
				MTL_FAST_MATH = YES;
				ONLY_ACTIVE_ARCH = YES;
				SDKROOT = iphoneos;
				SWIFT_ACTIVE_COMPILATION_CONDITIONS = DEBUG;
				SWIFT_OPTIMIZATION_LEVEL = "-Onone";
			};
			name = Debug;
		};
		F17400F624F1017200E318E0 /* Release */ = {
			isa = XCBuildConfiguration;
			buildSettings = {
				ALWAYS_SEARCH_USER_PATHS = NO;
				CLANG_ANALYZER_NONNULL = YES;
				CLANG_ANALYZER_NUMBER_OBJECT_CONVERSION = YES_AGGRESSIVE;
				CLANG_CXX_LANGUAGE_STANDARD = "gnu++14";
				CLANG_CXX_LIBRARY = "libc++";
				CLANG_ENABLE_MODULES = YES;
				CLANG_ENABLE_OBJC_ARC = YES;
				CLANG_ENABLE_OBJC_WEAK = YES;
				CLANG_WARN_BLOCK_CAPTURE_AUTORELEASING = YES;
				CLANG_WARN_BOOL_CONVERSION = YES;
				CLANG_WARN_COMMA = YES;
				CLANG_WARN_CONSTANT_CONVERSION = YES;
				CLANG_WARN_DEPRECATED_OBJC_IMPLEMENTATIONS = YES;
				CLANG_WARN_DIRECT_OBJC_ISA_USAGE = YES_ERROR;
				CLANG_WARN_DOCUMENTATION_COMMENTS = YES;
				CLANG_WARN_EMPTY_BODY = YES;
				CLANG_WARN_ENUM_CONVERSION = YES;
				CLANG_WARN_INFINITE_RECURSION = YES;
				CLANG_WARN_INT_CONVERSION = YES;
				CLANG_WARN_NON_LITERAL_NULL_CONVERSION = YES;
				CLANG_WARN_OBJC_IMPLICIT_RETAIN_SELF = YES;
				CLANG_WARN_OBJC_LITERAL_CONVERSION = YES;
				CLANG_WARN_OBJC_ROOT_CLASS = YES_ERROR;
				CLANG_WARN_RANGE_LOOP_ANALYSIS = YES;
				CLANG_WARN_STRICT_PROTOTYPES = YES;
				CLANG_WARN_SUSPICIOUS_MOVE = YES;
				CLANG_WARN_UNGUARDED_AVAILABILITY = YES_AGGRESSIVE;
				CLANG_WARN_UNREACHABLE_CODE = YES;
				CLANG_WARN__DUPLICATE_METHOD_MATCH = YES;
				COPY_PHASE_STRIP = NO;
				DEBUG_INFORMATION_FORMAT = "dwarf-with-dsym";
				ENABLE_NS_ASSERTIONS = NO;
				ENABLE_STRICT_OBJC_MSGSEND = YES;
				GCC_C_LANGUAGE_STANDARD = gnu11;
				GCC_NO_COMMON_BLOCKS = YES;
				GCC_WARN_64_TO_32_BIT_CONVERSION = YES;
				GCC_WARN_ABOUT_RETURN_TYPE = YES_ERROR;
				GCC_WARN_UNDECLARED_SELECTOR = YES;
				GCC_WARN_UNINITIALIZED_AUTOS = YES_AGGRESSIVE;
				GCC_WARN_UNUSED_FUNCTION = YES;
				GCC_WARN_UNUSED_VARIABLE = YES;
				IPHONEOS_DEPLOYMENT_TARGET = 13.6;
				MTL_ENABLE_DEBUG_INFO = NO;
				MTL_FAST_MATH = YES;
				SDKROOT = iphoneos;
				SWIFT_COMPILATION_MODE = wholemodule;
				SWIFT_OPTIMIZATION_LEVEL = "-O";
				VALIDATE_PRODUCT = YES;
			};
			name = Release;
		};
		F17400F824F1017200E318E0 /* Debug */ = {
			isa = XCBuildConfiguration;
			buildSettings = {
				ASSETCATALOG_COMPILER_APPICON_NAME = AppIcon;
				CODE_SIGN_STYLE = Automatic;
				DEVELOPMENT_ASSET_PATHS = "\"dentaku4/Preview Content\"";
				DEVELOPMENT_TEAM = M6UG374U6X;
				ENABLE_PREVIEWS = YES;
				INFOPLIST_FILE = dentaku4/Info.plist;
				LD_RUNPATH_SEARCH_PATHS = (
					"$(inherited)",
					"@executable_path/Frameworks",
				);
				PRODUCT_BUNDLE_IDENTIFIER = test.dentaku4;
				PRODUCT_NAME = "$(TARGET_NAME)";
				SWIFT_VERSION = 5.0;
				TARGETED_DEVICE_FAMILY = "1,2";
			};
			name = Debug;
		};
		F17400F924F1017200E318E0 /* Release */ = {
			isa = XCBuildConfiguration;
			buildSettings = {
				ASSETCATALOG_COMPILER_APPICON_NAME = AppIcon;
				CODE_SIGN_STYLE = Automatic;
				DEVELOPMENT_ASSET_PATHS = "\"dentaku4/Preview Content\"";
				DEVELOPMENT_TEAM = M6UG374U6X;
				ENABLE_PREVIEWS = YES;
				INFOPLIST_FILE = dentaku4/Info.plist;
				LD_RUNPATH_SEARCH_PATHS = (
					"$(inherited)",
					"@executable_path/Frameworks",
				);
				PRODUCT_BUNDLE_IDENTIFIER = test.dentaku4;
				PRODUCT_NAME = "$(TARGET_NAME)";
				SWIFT_VERSION = 5.0;
				TARGETED_DEVICE_FAMILY = "1,2";
			};
			name = Release;
		};
/* End XCBuildConfiguration section */

/* Begin XCConfigurationList section */
		F17400DE24F1017100E318E0 /* Build configuration list for PBXProject "dentaku4" */ = {
			isa = XCConfigurationList;
			buildConfigurations = (
				F17400F524F1017200E318E0 /* Debug */,
				F17400F624F1017200E318E0 /* Release */,
			);
			defaultConfigurationIsVisible = 0;
			defaultConfigurationName = Release;
		};
		F17400F724F1017200E318E0 /* Build configuration list for PBXNativeTarget "dentaku4" */ = {
			isa = XCConfigurationList;
			buildConfigurations = (
				F17400F824F1017200E318E0 /* Debug */,
				F17400F924F1017200E318E0 /* Release */,
			);
			defaultConfigurationIsVisible = 0;
			defaultConfigurationName = Release;
		};
/* End XCConfigurationList section */
	};
	rootObject = F17400DB24F1017100E318E0 /* Project object */;
}
